{
  "name": "contraction-hierarchy-js",
  "version": "1.0.0",
  "lockfileVersion": 1,
  "requires": true,
  "dependencies": {
    "geokdbush": {
      "version": "1.1.0",
      "resolved": "https://registry.npmjs.org/geokdbush/-/geokdbush-1.1.0.tgz",
      "integrity": "sha1-ql6OeVOmWUtAqF+9thBZrw9RRo8=",
      "requires": {
        "tinyqueue": "^1.2.2"
      }
    },
    "kdbush": {
      "version": "1.0.1",
      "resolved": "https://registry.npmjs.org/kdbush/-/kdbush-1.0.1.tgz",
      "integrity": "sha1-PL0D6d6tnA9vZszblkUOXOzGQOA="
    },
    "nanoclone": {
      "version": "0.2.1",
      "resolved": "https://registry.npmjs.org/nanoclone/-/nanoclone-0.2.1.tgz",
      "integrity": "sha512-wynEP02LmIbLpcYw8uBKpcfF6dmg2vcpKqxeH5UcoKEYdExslsdUA4ugFauuaeYdTB76ez6gJW8XAZ6CgkXYxA=="
    },
    "ngraph.events": {
      "version": "0.0.3",
      "resolved": "https://registry.npmjs.org/ngraph.events/-/ngraph.events-0.0.3.tgz",
      "integrity": "sha1-OPVTFvPSB61jH/lPZiLKjywOh9A=",
      "dev": true
    },
    "ngraph.graph": {
      "version": "0.0.18",
      "resolved": "https://registry.npmjs.org/ngraph.graph/-/ngraph.graph-0.0.18.tgz",
      "integrity": "sha512-0Y9MkbhUadmnD9WU747ET1MBEiRMKAZ5UMavC6Zkae5fT8/ptat5bQDcM8cpdMInXyP2svQ+fxwt1L8dHYQwZw==",
      "dev": true,
      "requires": {
        "ngraph.events": "0.0.3"
      }
    },
    "ngraph.path": {
      "version": "1.1.0",
      "resolved": "https://registry.npmjs.org/ngraph.path/-/ngraph.path-1.1.0.tgz",
      "integrity": "sha512-3lY5/ClJVlt/DnqE0pTdzhuh7SxaXWMwr1RMyjXHKF4rXWpA4dQNZ5zS3uligdXvh5C+2LVA4O5xjhQ5sYJSaQ==",
      "dev": true
    },
    "tinyqueue": {
      "version": "1.2.3",
      "resolved": "https://registry.npmjs.org/tinyqueue/-/tinyqueue-1.2.3.tgz",
      "integrity": "sha512-Qz9RgWuO9l8lT+Y9xvbzhPT2efIUIFd69N7eF7tJ9lnQl0iLj1M7peK7IoUGZL9DJHw9XftqLreccfxcQgYLxA=="
    }
  }
}
